Microsoft Visual Studio Solution File, Format Version 12.00
# Visual Studio 15
VisualStudioVersion = 15.0.27130.2010
MinimumVisualStudioVersion = 10.0.40219.1
Project("{9A19103F-16F7-4668-BE54-9A1E7A4F7556}") = "Tagaroo", "Source\Tagaroo\Tagaroo.csproj", "{230F56DA-BF99-4EDF-A736-D98EBB9ACD23}"
EndProject
Project("{2150E333-8FDC-42A3-9474-1A3956D46DE8}") = "Solution Items", "Solution Items", "{0B3FD9F1-ECCC-4687-87F8-8C37BA846BB1}"
	ProjectSection(SolutionItems) = preProject
		.gitattributes = .gitattributes
		.gitignore = .gitignore
		Copyright.txt = Copyright.txt
		Documentation\Documentation - Setup & Maintenance.txt = Documentation\Documentation - Setup & Maintenance.txt
		Documentation\Documentation.txt = Documentation\Documentation.txt
	EndProjectSection
EndProject
Global
	GlobalSection(SolutionConfigurationPlatforms) = preSolution
		Debug|Any CPU = Debug|Any CPU
		Release|Any CPU = Release|Any CPU
	EndGlobalSection
	GlobalSection(ProjectConfigurationPlatforms) = postSolution
		{230F56DA-BF99-4EDF-A736-D98EBB9ACD23}.Debug|Any CPU.ActiveCfg = Debug|Any CPU
		{230F56DA-BF99-4EDF-A736-D98EBB9ACD23}.Debug|Any CPU.Build.0 = Debug|Any CPU
		{230F56DA-BF99-4EDF-A736-D98EBB9ACD23}.Release|Any CPU.ActiveCfg = Release|Any CPU
		{230F56DA-BF99-4EDF-A736-D98EBB9ACD23}.Release|Any CPU.Build.0 = Release|Any CPU
	EndGlobalSection
	GlobalSection(SolutionProperties) = preSolution
		HideSolutionNode = FALSE
	EndGlobalSection
	GlobalSection(ExtensibilityGlobals) = postSolution
		SolutionGuid = {51FA43EA-5DF9-4454-8421-9C83CA06E6AE}
	EndGlobalSection
EndGlobal
